
Microsoft Visual Studio Solution File, Format Version 12.00
# Visual Studio Version 17
VisualStudioVersion = 17.6.33723.286
MinimumVisualStudioVersion = 10.0.40219.1
Project("{FAE04EC0-301F-11D3-BF4B-00C04F79EFBC}") = "TraversalCoreProje", "TraversalCoreProje\TraversalCoreProje.csproj", "{F48C7034-4029-4862-997F-B1CC652B2A78}"
EndProject
Project("{FAE04EC0-301F-11D3-BF4B-00C04F79EFBC}") = "BusinessLayer", "BusinessLayer\BusinessLayer.csproj", "{51B6D132-96DC-4788-BC0A-335F8F200EBE}"
EndProject
Global
	GlobalSection(SolutionConfigurationPlatforms) = preSolution
		Debug|Any CPU = Debug|Any CPU
		Release|Any CPU = Release|Any CPU
	EndGlobalSection
	GlobalSection(ProjectConfigurationPlatforms) = postSolution
		{F48C7034-4029-4862-997F-B1CC652B2A78}.Debug|Any CPU.ActiveCfg = Debug|Any CPU
		{F48C7034-4029-4862-997F-B1CC652B2A78}.Debug|Any CPU.Build.0 = Debug|Any CPU
		{F48C7034-4029-4862-997F-B1CC652B2A78}.Release|Any CPU.ActiveCfg = Release|Any CPU
		{F48C7034-4029-4862-997F-B1CC652B2A78}.Release|Any CPU.Build.0 = Release|Any CPU
		{51B6D132-96DC-4788-BC0A-335F8F200EBE}.Debug|Any CPU.ActiveCfg = Debug|Any CPU
		{51B6D132-96DC-4788-BC0A-335F8F200EBE}.Debug|Any CPU.Build.0 = Debug|Any CPU
		{51B6D132-96DC-4788-BC0A-335F8F200EBE}.Release|Any CPU.ActiveCfg = Release|Any CPU
		{51B6D132-96DC-4788-BC0A-335F8F200EBE}.Release|Any CPU.Build.0 = Release|Any CPU
	EndGlobalSection
	GlobalSection(SolutionProperties) = preSolution
		HideSolutionNode = FALSE
	EndGlobalSection
	GlobalSection(ExtensibilityGlobals) = postSolution
		SolutionGuid = {F8ED1A24-FBC6-4352-84A4-E8100B3FF771}
	EndGlobalSection
EndGlobal
